PODS:
  - ARAnalytics/AppsFlyer (4.0.2):
    - ARAnalytics/CoreIOS
  - ARAnalytics/CoreIOS (4.0.2)
  - ARAnalytics/DSL (4.0.2):
    - ReactiveCocoa (~> 2.0)
    - RSSwizzle (~> 0.1.0)
  - ReactiveCocoa (2.5):
    - ReactiveCocoa/UI (= 2.5)
  - ReactiveCocoa/Core (2.5):
    - ReactiveCocoa/no-arc
  - ReactiveCocoa/no-arc (2.5)
  - ReactiveCocoa/UI (2.5):
    - ReactiveCocoa/Core
  - RSSwizzle (0.1.0)

DEPENDENCIES:
  - ARAnalytics/AppsFlyer (from `../`)
  - ARAnalytics/DSL (from `../`)

EXTERNAL SOURCES:
  ARAnalytics:
    :path: ../

SPEC CHECKSUMS:
  ARAnalytics: d5c10c48c2526c1c62fa0c47b119683428e3f22f
  ReactiveCocoa: e2db045570aa97c695e7aa97c2bcab222ae51f4a
  RSSwizzle: d561958f595028bfcef98c7d55c318b3878a61c6

PODFILE CHECKSUM: 4449f6324bcffe55de0edab10fbb42a5cce90534

COCOAPODS: 1.4.0
