PODS:
  - AppsFlyerFramework (4.8.3)
  - ARAnalytics/AppsFlyer (5.0.1):
    - AppsFlyerFramework
    - ARAnalytics/CoreIOS
  - ARAnalytics/CoreIOS (5.0.1)
  - ARAnalytics/DSL (5.0.1):
    - ReactiveObjC (~> 2.0)
    - RSSwizzle (~> 0.1.0)
  - ARAnalytics/Sensors (5.0.1):
    - ARAnalytics/CoreIOS
    - SensorsAnalyticsSDK/IDFA
  - ReactiveObjC (2.1.2)
  - RSSwizzle (0.1.0)
  - SensorsAnalyticsSDK/core (1.9.3)
  - SensorsAnalyticsSDK/IDFA (1.9.3):
    - SensorsAnalyticsSDK/core

DEPENDENCIES:
  - ARAnalytics/AppsFlyer (from `../`)
  - ARAnalytics/DSL (from `../`)
  - ARAnalytics/Sensors (from `../`)

EXTERNAL SOURCES:
  ARAnalytics:
    :path: ../

SPEC CHECKSUMS:
  AppsFlyerFramework: 243435778bedb337fbaf45cb29715b9796d94bdb
  ARAnalytics: 0c93435e2750b10261b54a7c3d075c710d4dfaa1
  ReactiveObjC: 7b6782ae39f9ac0f57205c3b0c0b69b9dd7048c0
  RSSwizzle: d561958f595028bfcef98c7d55c318b3878a61c6
  SensorsAnalyticsSDK: 58ef39294cf85498480893e56c83d82d20d34d15

PODFILE CHECKSUM: 284d0ad650f36b2bb123dcdf433bf46e3a850af8

COCOAPODS: 1.4.0
